
Microsoft Visual Studio Solution File, Format Version 12.00
# Visual Studio 15
VisualStudioVersion = 15.0.28307.645
MinimumVisualStudioVersion = 10.0.40219.1
Project("{FAE04EC0-301F-11D3-BF4B-00C04F79EFBC}") = "Films", "Films\Films.csproj", "{AEE7133D-32D0-40C4-A47E-928F2903713D}"
EndProject
Project("{FAE04EC0-301F-11D3-BF4B-00C04F79EFBC}") = "Films.Tests", "Films.Tests\Films.Tests.csproj", "{407683D8-55C1-4481-9B5C-55A13DD06E80}"
EndProject
Global
	GlobalSection(SolutionConfigurationPlatforms) = preSolution
		Debug|Any CPU = Debug|Any CPU
		Release|Any CPU = Release|Any CPU
	EndGlobalSection
	GlobalSection(ProjectConfigurationPlatforms) = postSolution
		{AEE7133D-32D0-40C4-A47E-928F2903713D}.Debug|Any CPU.ActiveCfg = Debug|Any CPU
		{AEE7133D-32D0-40C4-A47E-928F2903713D}.Debug|Any CPU.Build.0 = Debug|Any CPU
		{AEE7133D-32D0-40C4-A47E-928F2903713D}.Release|Any CPU.ActiveCfg = Release|Any CPU
		{AEE7133D-32D0-40C4-A47E-928F2903713D}.Release|Any CPU.Build.0 = Release|Any CPU
		{407683D8-55C1-4481-9B5C-55A13DD06E80}.Debug|Any CPU.ActiveCfg = Debug|Any CPU
		{407683D8-55C1-4481-9B5C-55A13DD06E80}.Debug|Any CPU.Build.0 = Debug|Any CPU
		{407683D8-55C1-4481-9B5C-55A13DD06E80}.Release|Any CPU.ActiveCfg = Release|Any CPU
		{407683D8-55C1-4481-9B5C-55A13DD06E80}.Release|Any CPU.Build.0 = Release|Any CPU
	EndGlobalSection
	GlobalSection(SolutionProperties) = preSolution
		HideSolutionNode = FALSE
	EndGlobalSection
	GlobalSection(ExtensibilityGlobals) = postSolution
		SolutionGuid = {A7BC55FD-12F6-494A-BAA0-4AF06165A34E}
	EndGlobalSection
EndGlobal
